PODS:
  - RevolutionRoboticsBluetooth (0.1.0)

DEPENDENCIES:
  - RevolutionRoboticsBluetooth (from `../`)

EXTERNAL SOURCES:
  RevolutionRoboticsBluetooth:
    :path: "../"

SPEC CHECKSUMS:
  RevolutionRoboticsBluetooth: 1af416fe3140aba90113bd7bd469b7279a09dd8b

PODFILE CHECKSUM: f16c702602ac7fc75b212803faffcc9fc77495ec

COCOAPODS: 1.6.1
